
Microsoft Visual Studio Solution File, Format Version 12.00
# Visual Studio Version 17
VisualStudioVersion = 17.10.34928.147
MinimumVisualStudioVersion = 10.0.40219.1
Project("{9A19103F-16F7-4668-BE54-9A1E7A4F7556}") = "CustomerExcelImportExportApi", "CustomerExcelImportExportApi\CustomerExcelImportExportApi.csproj", "{6A7C6F22-00E6-48D0-99A6-37E4C0DD4B4E}"
EndProject
Project("{9A19103F-16F7-4668-BE54-9A1E7A4F7556}") = "CustomerExcelImportExportWeb", "CustomerExcelImportExportWeb\CustomerExcelImportExportWeb.csproj", "{94287A62-C1B7-4024-BE56-A3E2AFCB13F5}"
EndProject
Project("{FAE04EC0-301F-11D3-BF4B-00C04F79EFBC}") = "CustomerExcelImportExport.Shared", "CustomerExcelImportExport.Shared\CustomerExcelImportExport.Shared.csproj", "{BA8924BE-119C-4D82-8B36-D0D8ED1BB354}"
EndProject
Global
	GlobalSection(SolutionConfigurationPlatforms) = preSolution
		Debug|Any CPU = Debug|Any CPU
		Release|Any CPU = Release|Any CPU
	EndGlobalSection
	GlobalSection(ProjectConfigurationPlatforms) = postSolution
		{6A7C6F22-00E6-48D0-99A6-37E4C0DD4B4E}.Debug|Any CPU.ActiveCfg = Debug|Any CPU
		{6A7C6F22-00E6-48D0-99A6-37E4C0DD4B4E}.Debug|Any CPU.Build.0 = Debug|Any CPU
		{6A7C6F22-00E6-48D0-99A6-37E4C0DD4B4E}.Release|Any CPU.ActiveCfg = Release|Any CPU
		{6A7C6F22-00E6-48D0-99A6-37E4C0DD4B4E}.Release|Any CPU.Build.0 = Release|Any CPU
		{94287A62-C1B7-4024-BE56-A3E2AFCB13F5}.Debug|Any CPU.ActiveCfg = Debug|Any CPU
		{94287A62-C1B7-4024-BE56-A3E2AFCB13F5}.Debug|Any CPU.Build.0 = Debug|Any CPU
		{94287A62-C1B7-4024-BE56-A3E2AFCB13F5}.Release|Any CPU.ActiveCfg = Release|Any CPU
		{94287A62-C1B7-4024-BE56-A3E2AFCB13F5}.Release|Any CPU.Build.0 = Release|Any CPU
		{BA8924BE-119C-4D82-8B36-D0D8ED1BB354}.Debug|Any CPU.ActiveCfg = Debug|Any CPU
		{BA8924BE-119C-4D82-8B36-D0D8ED1BB354}.Debug|Any CPU.Build.0 = Debug|Any CPU
		{BA8924BE-119C-4D82-8B36-D0D8ED1BB354}.Release|Any CPU.ActiveCfg = Release|Any CPU
		{BA8924BE-119C-4D82-8B36-D0D8ED1BB354}.Release|Any CPU.Build.0 = Release|Any CPU
	EndGlobalSection
	GlobalSection(SolutionProperties) = preSolution
		HideSolutionNode = FALSE
	EndGlobalSection
	GlobalSection(ExtensibilityGlobals) = postSolution
		SolutionGuid = {53D0D840-83D8-49CD-833D-00235D6F5956}
	EndGlobalSection
EndGlobal
