
Microsoft Visual Studio Solution File, Format Version 12.00
# Visual Studio Version 17
VisualStudioVersion = 17.10.34928.147
MinimumVisualStudioVersion = 10.0.40219.1
Project("{FAE04EC0-301F-11D3-BF4B-00C04F79EFBC}") = "WebScraping", "WebScraping\WebScraping.csproj", "{32076464-F1B6-4F4E-9F8A-06298BDEE07E}"
EndProject
Project("{FAE04EC0-301F-11D3-BF4B-00C04F79EFBC}") = "WebScrapingApi", "WebScrapingApi\WebScrapingApi.csproj", "{3FE6B8AC-8F68-451B-BA21-583104114669}"
EndProject
Global
	GlobalSection(SolutionConfigurationPlatforms) = preSolution
		Debug|Any CPU = Debug|Any CPU
		Release|Any CPU = Release|Any CPU
	EndGlobalSection
	GlobalSection(ProjectConfigurationPlatforms) = postSolution
		{32076464-F1B6-4F4E-9F8A-06298BDEE07E}.Debug|Any CPU.ActiveCfg = Debug|Any CPU
		{32076464-F1B6-4F4E-9F8A-06298BDEE07E}.Debug|Any CPU.Build.0 = Debug|Any CPU
		{32076464-F1B6-4F4E-9F8A-06298BDEE07E}.Release|Any CPU.ActiveCfg = Release|Any CPU
		{32076464-F1B6-4F4E-9F8A-06298BDEE07E}.Release|Any CPU.Build.0 = Release|Any CPU
		{3FE6B8AC-8F68-451B-BA21-583104114669}.Debug|Any CPU.ActiveCfg = Debug|Any CPU
		{3FE6B8AC-8F68-451B-BA21-583104114669}.Debug|Any CPU.Build.0 = Debug|Any CPU
		{3FE6B8AC-8F68-451B-BA21-583104114669}.Release|Any CPU.ActiveCfg = Release|Any CPU
		{3FE6B8AC-8F68-451B-BA21-583104114669}.Release|Any CPU.Build.0 = Release|Any CPU
	EndGlobalSection
	GlobalSection(SolutionProperties) = preSolution
		HideSolutionNode = FALSE
	EndGlobalSection
	GlobalSection(ExtensibilityGlobals) = postSolution
		SolutionGuid = {53D0D840-83D8-49CD-833D-00235D6F5956}
	EndGlobalSection
EndGlobal
